// !$*UTF8*$!
{
	archiveVersion = 1;
	classes = {
	};
	objectVersion = 77;
	objects = {

/* Begin PBXBuildFile section */
		FBAA00000000000000000010 /* GoogleService-Info.plist in Resources */ = {isa = PBXBuildFile; fileRef = FBAA00000000000000000011 /* GoogleService-Info.plist */; };
		FBAA00000000000000000012 /* AppIcon Assets.xcassets in Resources */ = {isa = PBXBuildFile; fileRef = FBAA00000000000000000013 /* AppIcon Assets.xcassets */; };
/* End PBXBuildFile section */

/* Begin PBXContainerItemProxy section */
		A16CB9E72FB61C8300CA31F5 /* PBXContainerItemProxy */ = {
			isa = PBXContainerItemProxy;
			containerPortal = A16CB9D12FB61C8100CA31F5 /* Project object */;
			proxyType = 1;
			remoteGlobalIDString = A16CB9D82FB61C8100CA31F5;
			remoteInfo = ghaslunch;
		};
		A16CB9F12FB61C8300CA31F5 /* PBXContainerItemProxy */ = {
			isa = PBXContainerItemProxy;
			containerPortal = A16CB9D12FB61C8100CA31F5 /* Project object */;
			proxyType = 1;
			remoteGlobalIDString = A16CB9D82FB61C8100CA31F5;
			remoteInfo = ghaslunch;
		};
/* End PBXContainerItemProxy section */

/* Begin PBXFileReference section */
		A16CB9D92FB61C8100CA31F5 /* ghaslunch.app */ = {isa = PBXFileReference; explicitFileType = wrapper.application; includeInIndex = 0; path = ghaslunch.app; sourceTree = BUILT_PRODUCTS_DIR; };
		A16CB9E62FB61C8300CA31F5 /* ghaslunchTests.xctest */ = {isa = PBXFileReference; explicitFileType = wrapper.cfbundle; includeInIndex = 0; path = ghaslunchTests.xctest; sourceTree = BUILT_PRODUCTS_DIR; };
		A16CB9F02FB61C8300CA31F5 /* ghaslunchUITests.xctest */ = {isa = PBXFileReference; explicitFileType = wrapper.cfbundle; includeInIndex = 0; path = ghaslunchUITests.xctest; sourceTree = BUILT_PRODUCTS_DIR; };
		FBAA00000000000000000011 /* GoogleService-Info.plist */ = {isa = PBXFileReference; lastKnownFileType = text.plist.xml; name = "GoogleService-Info.plist"; path = "../ios/GoogleService-Info.plist"; sourceTree = "<group>"; };
		FBAA00000000000000000013 /* AppIcon Assets.xcassets */ = {isa = PBXFileReference; lastKnownFileType = folder.assetcatalog; name = "AppIcon Assets.xcassets"; path = "ghaslunch/Assets.xcassets"; sourceTree = "<group>"; };
/* End PBXFileReference section */

/* Begin PBXFileSystemSynchronizedRootGroup section */
		A16CB9DB2FB61C8100CA31F5 /* ghaslunch */ = {
			isa = PBXFileSystemSynchronizedRootGroup;
			path = "../ios/GHASLunchSwiftUI";
			sourceTree = "<group>";
		};
		A16CB9E92FB61C8300CA31F5 /* ghaslunchTests */ = {
			isa = PBXFileSystemSynchronizedRootGroup;
			path = ghaslunchTests;
			sourceTree = "<group>";
		};
		A16CB9F32FB61C8300CA31F5 /* ghaslunchUITests */ = {
			isa = PBXFileSystemSynchronizedRootGroup;
			path = ghaslunchUITests;
			sourceTree = "<group>";
		};
/* End PBXFileSystemSynchronizedRootGroup section */

/* Begin PBXFrameworksBuildPhase section */
		A16CB9D62FB61C8100CA31F5 /* Frameworks */ = {
			isa = PBXFrameworksBuildPhase;
			buildActionMask = 2147483647;
			files = (
			);
			runOnlyForDeploymentPostprocessing = 0;
		};
		A16CB9E32FB61C8300CA31F5 /* Frameworks */ = {
			isa = PBXFrameworksBuildPhase;
			buildActionMask = 2147483647;
			files = (
			);
			runOnlyForDeploymentPostprocessing = 0;
		};
		A16CB9ED2FB61C8300CA31F5 /* Frameworks */ = {
			isa = PBXFrameworksBuildPhase;
			buildActionMask = 2147483647;
			files = (
			);
			runOnlyForDeploymentPostprocessing = 0;
		};
/* End PBXFrameworksBuildPhase section */

/* Begin PBXGroup section */
		A16CB9D02FB61C8100CA31F5 = {
			isa = PBXGroup;
			children = (
				A16CB9DB2FB61C8100CA31F5 /* ghaslunch */,
				FBAA00000000000000000011 /* GoogleService-Info.plist */,
				FBAA00000000000000000013 /* AppIcon Assets.xcassets */,
				A16CB9E92FB61C8300CA31F5 /* ghaslunchTests */,
				A16CB9F32FB61C8300CA31F5 /* ghaslunchUITests */,
				A16CB9DA2FB61C8100CA31F5 /* Products */,
			);
			sourceTree = "<group>";
		};
		A16CB9DA2FB61C8100CA31F5 /* Products */ = {
			isa = PBXGroup;
			children = (
				A16CB9D92FB61C8100CA31F5 /* ghaslunch.app */,
				A16CB9E62FB61C8300CA31F5 /* ghaslunchTests.xctest */,
				A16CB9F02FB61C8300CA31F5 /* ghaslunchUITests.xctest */,
			);
			name = Products;
			sourceTree = "<group>";
		};
/* End PBXGroup section */

/* Begin PBXNativeTarget section */
		A16CB9D82FB61C8100CA31F5 /* ghaslunch */ = {
			isa = PBXNativeTarget;
			buildConfigurationList = A16CB9FA2FB61C8300CA31F5 /* Build configuration list for PBXNativeTarget "ghaslunch" */;
			buildPhases = (
				A16CB9D52FB61C8100CA31F5 /* Sources */,
				A16CB9D62FB61C8100CA31F5 /* Frameworks */,
				A16CB9D72FB61C8100CA31F5 /* Resources */,
			);
			buildRules = (
			);
			dependencies = (
			);
			fileSystemSynchronizedGroups = (
				A16CB9DB2FB61C8100CA31F5 /* ghaslunch */,
			);
			name = ghaslunch;
			packageProductDependencies = (
			);
			productName = ghaslunch;
			productReference = A16CB9D92FB61C8100CA31F5 /* ghaslunch.app */;
			productType = "com.apple.product-type.application";
		};
		A16CB9E52FB61C8300CA31F5 /* ghaslunchTests */ = {
			isa = PBXNativeTarget;
			buildConfigurationList = A16CB9FD2FB61C8300CA31F5 /* Build configuration list for PBXNativeTarget "ghaslunchTests" */;
			buildPhases = (
				A16CB9E22FB61C8300CA31F5 /* Sources */,
				A16CB9E32FB61C8300CA31F5 /* Frameworks */,
				A16CB9E42FB61C8300CA31F5 /* Resources */,
			);
			buildRules = (
			);
			dependencies = (
				A16CB9E82FB61C8300CA31F5 /* PBXTargetDependency */,
			);
			fileSystemSynchronizedGroups = (
				A16CB9E92FB61C8300CA31F5 /* ghaslunchTests */,
			);
			name = ghaslunchTests;
			packageProductDependencies = (
			);
			productName = ghaslunchTests;
			productReference = A16CB9E62FB61C8300CA31F5 /* ghaslunchTests.xctest */;
			productType = "com.apple.product-type.bundle.unit-test";
		};
		A16CB9EF2FB61C8300CA31F5 /* ghaslunchUITests */ = {
			isa = PBXNativeTarget;
			buildConfigurationList = A16CBA002FB61C8300CA31F5 /* Build configuration list for PBXNativeTarget "ghaslunchUITests" */;
			buildPhases = (
				A16CB9EC2FB61C8300CA31F5 /* Sources */,
				A16CB9ED2FB61C8300CA31F5 /* Frameworks */,
				A16CB9EE2FB61C8300CA31F5 /* Resources */,
			);
			buildRules = (
			);
			dependencies = (
				A16CB9F22FB61C8300CA31F5 /* PBXTargetDependency */,
			);
			fileSystemSynchronizedGroups = (
				A16CB9F32FB61C8300CA31F5 /* ghaslunchUITests */,
			);
			name = ghaslunchUITests;
			packageProductDependencies = (
			);
			productName = ghaslunchUITests;
			productReference = A16CB9F02FB61C8300CA31F5 /* ghaslunchUITests.xctest */;
			productType = "com.apple.product-type.bundle.ui-testing";
		};
/* End PBXNativeTarget section */

/* Begin PBXProject section */
		A16CB9D12FB61C8100CA31F5 /* Project object */ = {
			isa = PBXProject;
			attributes = {
				BuildIndependentTargetsInParallel = 1;
				LastSwiftUpdateCheck = 2650;
				LastUpgradeCheck = 2650;
				TargetAttributes = {
					A16CB9D82FB61C8100CA31F5 = {
						CreatedOnToolsVersion = 26.5;
					};
					A16CB9E52FB61C8300CA31F5 = {
						CreatedOnToolsVersion = 26.5;
						TestTargetID = A16CB9D82FB61C8100CA31F5;
					};
					A16CB9EF2FB61C8300CA31F5 = {
						CreatedOnToolsVersion = 26.5;
						TestTargetID = A16CB9D82FB61C8100CA31F5;
					};
				};
			};
			buildConfigurationList = A16CB9D42FB61C8100CA31F5 /* Build configuration list for PBXProject "ghaslunch" */;
			developmentRegion = en;
			hasScannedForEncodings = 0;
			knownRegions = (
				en,
				Base,
			);
			mainGroup = A16CB9D02FB61C8100CA31F5;
			minimizedProjectReferenceProxies = 1;
			packageReferences = (
			);
			preferredProjectObjectVersion = 77;
			productRefGroup = A16CB9DA2FB61C8100CA31F5 /* Products */;
			projectDirPath = "";
			projectRoot = "";
			targets = (
				A16CB9D82FB61C8100CA31F5 /* ghaslunch */,
				A16CB9E52FB61C8300CA31F5 /* ghaslunchTests */,
				A16CB9EF2FB61C8300CA31F5 /* ghaslunchUITests */,
			);
		};
/* End PBXProject section */

/* Begin PBXResourcesBuildPhase section */
		A16CB9D72FB61C8100CA31F5 /* Resources */ = {
			isa = PBXResourcesBuildPhase;
			buildActionMask = 2147483647;
			files = (
				FBAA00000000000000000010 /* GoogleService-Info.plist in Resources */,
				FBAA00000000000000000012 /* AppIcon Assets.xcassets in Resources */,
			);
			runOnlyForDeploymentPostprocessing = 0;
		};
		A16CB9E42FB61C8300CA31F5 /* Resources */ = {
			isa = PBXResourcesBuildPhase;
			buildActionMask = 2147483647;
			files = (
			);
			runOnlyForDeploymentPostprocessing = 0;
		};
		A16CB9EE2FB61C8300CA31F5 /* Resources */ = {
			isa = PBXResourcesBuildPhase;
			buildActionMask = 2147483647;
			files = (
			);
			runOnlyForDeploymentPostprocessing = 0;
		};
/* End PBXResourcesBuildPhase section */

/* Begin PBXSourcesBuildPhase section */
		A16CB9D52FB61C8100CA31F5 /* Sources */ = {
			isa = PBXSourcesBuildPhase;
			buildActionMask = 2147483647;
			files = (
			);
			runOnlyForDeploymentPostprocessing = 0;
		};
		A16CB9E22FB61C8300CA31F5 /* Sources */ = {
			isa = PBXSourcesBuildPhase;
			buildActionMask = 2147483647;
			files = (
			);
			runOnlyForDeploymentPostprocessing = 0;
		};
		A16CB9EC2FB61C8300CA31F5 /* Sources */ = {
			isa = PBXSourcesBuildPhase;
			buildActionMask = 2147483647;
			files = (
			);
			runOnlyForDeploymentPostprocessing = 0;
		};
/* End PBXSourcesBuildPhase section */

/* Begin PBXTargetDependency section */
		A16CB9E82FB61C8300CA31F5 /* PBXTargetDependency */ = {
			isa = PBXTargetDependency;
			target = A16CB9D82FB61C8100CA31F5 /* ghaslunch */;
			targetProxy = A16CB9E72FB61C8300CA31F5 /* PBXContainerItemProxy */;
		};
		A16CB9F22FB61C8300CA31F5 /* PBXTargetDependency */ = {
			isa = PBXTargetDependency;
			target = A16CB9D82FB61C8100CA31F5 /* ghaslunch */;
			targetProxy = A16CB9F12FB61C8300CA31F5 /* PBXContainerItemProxy */;
		};
/* End PBXTargetDependency section */

/* Begin XCBuildConfiguration section */
		A16CB9F82FB61C8300CA31F5 /* Debug */ = {
			isa = XCBuildConfiguration;
			buildSettings = {
				ALWAYS_SEARCH_USER_PATHS = NO;
				ASSETCATALOG_COMPILER_GENERATE_SWIFT_ASSET_SYMBOL_EXTENSIONS = YES;
				CLANG_ANALYZER_NONNULL = YES;
				CLANG_ANALYZER_NUMBER_OBJECT_CONVERSION = YES_AGGRESSIVE;
				CLANG_CXX_LANGUAGE_STANDARD = "gnu++20";
				CLANG_ENABLE_MODULES = YES;
				CLANG_ENABLE_OBJC_ARC = YES;
				CLANG_ENABLE_OBJC_WEAK = YES;
				CLANG_WARN_BLOCK_CAPTURE_AUTORELEASING = YES;
				CLANG_WARN_BOOL_CONVERSION = YES;
				CLANG_WARN_COMMA = YES;
				CLANG_WARN_CONSTANT_CONVERSION = YES;
				CLANG_WARN_DEPRECATED_OBJC_IMPLEMENTATIONS = YES;
				CLANG_WARN_DIRECT_OBJC_ISA_USAGE = YES_ERROR;
				CLANG_WARN_DOCUMENTATION_COMMENTS = YES;
				CLANG_WARN_EMPTY_BODY = YES;
				CLANG_WARN_ENUM_CONVERSION = YES;
				CLANG_WARN_INFINITE_RECURSION = YES;
				CLANG_WARN_INT_CONVERSION = YES;
				CLANG_WARN_NON_LITERAL_NULL_CONVERSION = YES;
				CLANG_WARN_OBJC_IMPLICIT_RETAIN_SELF = YES;
				CLANG_WARN_OBJC_LITERAL_CONVERSION = YES;
				CLANG_WARN_OBJC_ROOT_CLASS = YES_ERROR;
				CLANG_WARN_QUOTED_INCLUDE_IN_FRAMEWORK_HEADER = YES;
				CLANG_WARN_RANGE_LOOP_ANALYSIS = YES;
				CLANG_WARN_STRICT_PROTOTYPES = YES;
				CLANG_WARN_SUSPICIOUS_MOVE = YES;
				CLANG_WARN_UNGUARDED_AVAILABILITY = YES_AGGRESSIVE;
				CLANG_WARN_UNREACHABLE_CODE = YES;
				CLANG_WARN__DUPLICATE_METHOD_MATCH = YES;
				COPY_PHASE_STRIP = NO;
				DEBUG_INFORMATION_FORMAT = dwarf;
				ENABLE_STRICT_OBJC_MSGSEND = YES;
				ENABLE_TESTABILITY = YES;
				ENABLE_USER_SCRIPT_SANDBOXING = YES;
				GCC_C_LANGUAGE_STANDARD = gnu17;
				GCC_DYNAMIC_NO_PIC = NO;
				GCC_NO_COMMON_BLOCKS = YES;
				GCC_OPTIMIZATION_LEVEL = 0;
				GCC_PREPROCESSOR_DEFINITIONS = (
					"DEBUG=1",
					"$(inherited)",
				);
				GCC_WARN_64_TO_32_BIT_CONVERSION = YES;
				GCC_WARN_ABOUT_RETURN_TYPE = YES_ERROR;
				GCC_WARN_UNDECLARED_SELECTOR = YES;
				GCC_WARN_UNINITIALIZED_AUTOS = YES_AGGRESSIVE;
				GCC_WARN_UNUSED_FUNCTION = YES;
				GCC_WARN_UNUSED_VARIABLE = YES;
				IPHONEOS_DEPLOYMENT_TARGET = 16.0;
				LOCALIZATION_PREFERS_STRING_CATALOGS = YES;
				MTL_ENABLE_DEBUG_INFO = INCLUDE_SOURCE;
				MTL_FAST_MATH = YES;
				ONLY_ACTIVE_ARCH = YES;
				SDKROOT = iphoneos;
				SWIFT_ACTIVE_COMPILATION_CONDITIONS = "DEBUG $(inherited)";
				SWIFT_OPTIMIZATION_LEVEL = "-Onone";
			};
			name = Debug;
		};
		A16CB9F92FB61C8300CA31F5 /* Release */ = {
			isa = XCBuildConfiguration;
			buildSettings = {
				ALWAYS_SEARCH_USER_PATHS = NO;
				ASSETCATALOG_COMPILER_GENERATE_SWIFT_ASSET_SYMBOL_EXTENSIONS = YES;
				CLANG_ANALYZER_NONNULL = YES;
				CLANG_ANALYZER_NUMBER_OBJECT_CONVERSION = YES_AGGRESSIVE;
				CLANG_CXX_LANGUAGE_STANDARD = "gnu++20";
				CLANG_ENABLE_MODULES = YES;
				CLANG_ENABLE_OBJC_ARC = YES;
				CLANG_ENABLE_OBJC_WEAK = YES;
				CLANG_WARN_BLOCK_CAPTURE_AUTORELEASING = YES;
				CLANG_WARN_BOOL_CONVERSION = YES;
				CLANG_WARN_COMMA = YES;
				CLANG_WARN_CONSTANT_CONVERSION = YES;
				CLANG_WARN_DEPRECATED_OBJC_IMPLEMENTATIONS = YES;
				CLANG_WARN_DIRECT_OBJC_ISA_USAGE = YES_ERROR;
				CLANG_WARN_DOCUMENTATION_COMMENTS = YES;
				CLANG_WARN_EMPTY_BODY = YES;
				CLANG_WARN_ENUM_CONVERSION = YES;
				CLANG_WARN_INFINITE_RECURSION = YES;
				CLANG_WARN_INT_CONVERSION = YES;
				CLANG_WARN_NON_LITERAL_NULL_CONVERSION = YES;
				CLANG_WARN_OBJC_IMPLICIT_RETAIN_SELF = YES;
				CLANG_WARN_OBJC_LITERAL_CONVERSION = YES;
				CLANG_WARN_OBJC_ROOT_CLASS = YES_ERROR;
				CLANG_WARN_QUOTED_INCLUDE_IN_FRAMEWORK_HEADER = YES;
				CLANG_WARN_RANGE_LOOP_ANALYSIS = YES;
				CLANG_WARN_STRICT_PROTOTYPES = YES;
				CLANG_WARN_SUSPICIOUS_MOVE = YES;
				CLANG_WARN_UNGUARDED_AVAILABILITY = YES_AGGRESSIVE;
				CLANG_WARN_UNREACHABLE_CODE = YES;
				CLANG_WARN__DUPLICATE_METHOD_MATCH = YES;
				COPY_PHASE_STRIP = NO;
				DEBUG_INFORMATION_FORMAT = "dwarf-with-dsym";
				ENABLE_NS_ASSERTIONS = NO;
				ENABLE_STRICT_OBJC_MSGSEND = YES;
				ENABLE_USER_SCRIPT_SANDBOXING = YES;
				GCC_C_LANGUAGE_STANDARD = gnu17;
				GCC_NO_COMMON_BLOCKS = YES;
				GCC_WARN_64_TO_32_BIT_CONVERSION = YES;
				GCC_WARN_ABOUT_RETURN_TYPE = YES_ERROR;
				GCC_WARN_UNDECLARED_SELECTOR = YES;
				GCC_WARN_UNINITIALIZED_AUTOS = YES_AGGRESSIVE;
				GCC_WARN_UNUSED_FUNCTION = YES;
				GCC_WARN_UNUSED_VARIABLE = YES;
				IPHONEOS_DEPLOYMENT_TARGET = 16.0;
				LOCALIZATION_PREFERS_STRING_CATALOGS = YES;
				MTL_ENABLE_DEBUG_INFO = NO;
				MTL_FAST_MATH = YES;
				SDKROOT = iphoneos;
				SWIFT_COMPILATION_MODE = wholemodule;
				VALIDATE_PRODUCT = YES;
			};
			name = Release;
		};
		A16CB9FB2FB61C8300CA31F5 /* Debug */ = {
			isa = XCBuildConfiguration;
			buildSettings = {
				ASSETCATALOG_COMPILER_APPICON_NAME = AppIcon;
				ASSETCATALOG_COMPILER_GLOBAL_ACCENT_COLOR_NAME = AccentColor;
				CODE_SIGN_STYLE = Automatic;
				CURRENT_PROJECT_VERSION = 1;
				DEVELOPMENT_TEAM = 7QW78Y4R8H;
				ENABLE_PREVIEWS = YES;
				GENERATE_INFOPLIST_FILE = YES;
				INFOPLIST_KEY_CFBundleDisplayName = "GHAS 알리미";
				INFOPLIST_KEY_NSCameraUsageDescription = "학생 고유코드 QR/바코드 사진을 촬영하기 위해 카메라 접근이 필요합니다.";
				INFOPLIST_KEY_NSPhotoLibraryUsageDescription = "학생 고유코드 QR/바코드 사진을 선택하기 위해 사진 보관함 접근이 필요합니다.";
				INFOPLIST_KEY_UIApplicationSceneManifest_Generation = YES;
				INFOPLIST_KEY_UIApplicationSupportsIndirectInputEvents = YES;
				INFOPLIST_KEY_UILaunchScreen_Generation = YES;
				INFOPLIST_KEY_UISupportedInterfaceOrientations_iPad = "UIInterfaceOrientationPortrait UIInterfaceOrientationPortraitUpsideDown UIInterfaceOrientationLandscapeLeft UIInterfaceOrientationLandscapeRight";
				INFOPLIST_KEY_UISupportedInterfaceOrientations_iPhone = "UIInterfaceOrientationPortrait UIInterfaceOrientationLandscapeLeft UIInterfaceOrientationLandscapeRight";
				LD_RUNPATH_SEARCH_PATHS = (
					"$(inherited)",
					"@executable_path/Frameworks",
				);
				MARKETING_VERSION = 1.0;
				PRODUCT_BUNDLE_IDENTIFIER = kr.hs.ghas.lunch;
				PRODUCT_NAME = "$(TARGET_NAME)";
				STRING_CATALOG_GENERATE_SYMBOLS = YES;
				SWIFT_APPROACHABLE_CONCURRENCY = YES;
				SWIFT_DEFAULT_ACTOR_ISOLATION = MainActor;
				SWIFT_EMIT_LOC_STRINGS = YES;
				SWIFT_UPCOMING_FEATURE_MEMBER_IMPORT_VISIBILITY = YES;
				SWIFT_VERSION = 5.0;
				TARGETED_DEVICE_FAMILY = "1,2";
			};
			name = Debug;
		};
		A16CB9FC2FB61C8300CA31F5 /* Release */ = {
			isa = XCBuildConfiguration;
			buildSettings = {
				ASSETCATALOG_COMPILER_APPICON_NAME = AppIcon;
				ASSETCATALOG_COMPILER_GLOBAL_ACCENT_COLOR_NAME = AccentColor;
				CODE_SIGN_STYLE = Automatic;
				CURRENT_PROJECT_VERSION = 1;
				DEVELOPMENT_TEAM = 7QW78Y4R8H;
				ENABLE_PREVIEWS = YES;
				GENERATE_INFOPLIST_FILE = YES;
				INFOPLIST_KEY_CFBundleDisplayName = "GHAS 알리미";
				INFOPLIST_KEY_NSCameraUsageDescription = "학생 고유코드 QR/바코드 사진을 촬영하기 위해 카메라 접근이 필요합니다.";
				INFOPLIST_KEY_NSPhotoLibraryUsageDescription = "학생 고유코드 QR/바코드 사진을 선택하기 위해 사진 보관함 접근이 필요합니다.";
				INFOPLIST_KEY_UIApplicationSceneManifest_Generation = YES;
				INFOPLIST_KEY_UIApplicationSupportsIndirectInputEvents = YES;
				INFOPLIST_KEY_UILaunchScreen_Generation = YES;
				INFOPLIST_KEY_UISupportedInterfaceOrientations_iPad = "UIInterfaceOrientationPortrait UIInterfaceOrientationPortraitUpsideDown UIInterfaceOrientationLandscapeLeft UIInterfaceOrientationLandscapeRight";
				INFOPLIST_KEY_UISupportedInterfaceOrientations_iPhone = "UIInterfaceOrientationPortrait UIInterfaceOrientationLandscapeLeft UIInterfaceOrientationLandscapeRight";
				LD_RUNPATH_SEARCH_PATHS = (
					"$(inherited)",
					"@executable_path/Frameworks",
				);
				MARKETING_VERSION = 1.0;
				PRODUCT_BUNDLE_IDENTIFIER = kr.hs.ghas.lunch;
				PRODUCT_NAME = "$(TARGET_NAME)";
				STRING_CATALOG_GENERATE_SYMBOLS = YES;
				SWIFT_APPROACHABLE_CONCURRENCY = YES;
				SWIFT_DEFAULT_ACTOR_ISOLATION = MainActor;
				SWIFT_EMIT_LOC_STRINGS = YES;
				SWIFT_UPCOMING_FEATURE_MEMBER_IMPORT_VISIBILITY = YES;
				SWIFT_VERSION = 5.0;
				TARGETED_DEVICE_FAMILY = "1,2";
			};
			name = Release;
		};
		A16CB9FE2FB61C8300CA31F5 /* Debug */ = {
			isa = XCBuildConfiguration;
			buildSettings = {
				BUNDLE_LOADER = "$(TEST_HOST)";
				CODE_SIGN_STYLE = Automatic;
				CURRENT_PROJECT_VERSION = 1;
				GENERATE_INFOPLIST_FILE = YES;
				IPHONEOS_DEPLOYMENT_TARGET = 16.0;
				MARKETING_VERSION = 1.0;
				PRODUCT_BUNDLE_IDENTIFIER = com.luka.ghaslunchTests;
				PRODUCT_NAME = "$(TARGET_NAME)";
				STRING_CATALOG_GENERATE_SYMBOLS = NO;
				SWIFT_APPROACHABLE_CONCURRENCY = YES;
				SWIFT_EMIT_LOC_STRINGS = NO;
				SWIFT_UPCOMING_FEATURE_MEMBER_IMPORT_VISIBILITY = YES;
				SWIFT_VERSION = 5.0;
				TARGETED_DEVICE_FAMILY = "1,2";
				TEST_HOST = "$(BUILT_PRODUCTS_DIR)/ghaslunch.app/$(BUNDLE_EXECUTABLE_FOLDER_PATH)/ghaslunch";
			};
			name = Debug;
		};
		A16CB9FF2FB61C8300CA31F5 /* Release */ = {
			isa = XCBuildConfiguration;
			buildSettings = {
				BUNDLE_LOADER = "$(TEST_HOST)";
				CODE_SIGN_STYLE = Automatic;
				CURRENT_PROJECT_VERSION = 1;
				GENERATE_INFOPLIST_FILE = YES;
				IPHONEOS_DEPLOYMENT_TARGET = 16.0;
				MARKETING_VERSION = 1.0;
				PRODUCT_BUNDLE_IDENTIFIER = com.luka.ghaslunchTests;
				PRODUCT_NAME = "$(TARGET_NAME)";
				STRING_CATALOG_GENERATE_SYMBOLS = NO;
				SWIFT_APPROACHABLE_CONCURRENCY = YES;
				SWIFT_EMIT_LOC_STRINGS = NO;
				SWIFT_UPCOMING_FEATURE_MEMBER_IMPORT_VISIBILITY = YES;
				SWIFT_VERSION = 5.0;
				TARGETED_DEVICE_FAMILY = "1,2";
				TEST_HOST = "$(BUILT_PRODUCTS_DIR)/ghaslunch.app/$(BUNDLE_EXECUTABLE_FOLDER_PATH)/ghaslunch";
			};
			name = Release;
		};
		A16CBA012FB61C8300CA31F5 /* Debug */ = {
			isa = XCBuildConfiguration;
			buildSettings = {
				CODE_SIGN_STYLE = Automatic;
				CURRENT_PROJECT_VERSION = 1;
				GENERATE_INFOPLIST_FILE = YES;
				MARKETING_VERSION = 1.0;
				PRODUCT_BUNDLE_IDENTIFIER = com.luka.ghaslunchUITests;
				PRODUCT_NAME = "$(TARGET_NAME)";
				STRING_CATALOG_GENERATE_SYMBOLS = NO;
				SWIFT_APPROACHABLE_CONCURRENCY = YES;
				SWIFT_EMIT_LOC_STRINGS = NO;
				SWIFT_UPCOMING_FEATURE_MEMBER_IMPORT_VISIBILITY = YES;
				SWIFT_VERSION = 5.0;
				TARGETED_DEVICE_FAMILY = "1,2";
				TEST_TARGET_NAME = ghaslunch;
			};
			name = Debug;
		};
		A16CBA022FB61C8300CA31F5 /* Release */ = {
			isa = XCBuildConfiguration;
			buildSettings = {
				CODE_SIGN_STYLE = Automatic;
				CURRENT_PROJECT_VERSION = 1;
				GENERATE_INFOPLIST_FILE = YES;
				MARKETING_VERSION = 1.0;
				PRODUCT_BUNDLE_IDENTIFIER = com.luka.ghaslunchUITests;
				PRODUCT_NAME = "$(TARGET_NAME)";
				STRING_CATALOG_GENERATE_SYMBOLS = NO;
				SWIFT_APPROACHABLE_CONCURRENCY = YES;
				SWIFT_EMIT_LOC_STRINGS = NO;
				SWIFT_UPCOMING_FEATURE_MEMBER_IMPORT_VISIBILITY = YES;
				SWIFT_VERSION = 5.0;
				TARGETED_DEVICE_FAMILY = "1,2";
				TEST_TARGET_NAME = ghaslunch;
			};
			name = Release;
		};
/* End XCBuildConfiguration section */

/* Begin XCConfigurationList section */
		A16CB9D42FB61C8100CA31F5 /* Build configuration list for PBXProject "ghaslunch" */ = {
			isa = XCConfigurationList;
			buildConfigurations = (
				A16CB9F82FB61C8300CA31F5 /* Debug */,
				A16CB9F92FB61C8300CA31F5 /* Release */,
			);
			defaultConfigurationIsVisible = 0;
			defaultConfigurationName = Release;
		};
		A16CB9FA2FB61C8300CA31F5 /* Build configuration list for PBXNativeTarget "ghaslunch" */ = {
			isa = XCConfigurationList;
			buildConfigurations = (
				A16CB9FB2FB61C8300CA31F5 /* Debug */,
				A16CB9FC2FB61C8300CA31F5 /* Release */,
			);
			defaultConfigurationIsVisible = 0;
			defaultConfigurationName = Release;
		};
		A16CB9FD2FB61C8300CA31F5 /* Build configuration list for PBXNativeTarget "ghaslunchTests" */ = {
			isa = XCConfigurationList;
			buildConfigurations = (
				A16CB9FE2FB61C8300CA31F5 /* Debug */,
				A16CB9FF2FB61C8300CA31F5 /* Release */,
			);
			defaultConfigurationIsVisible = 0;
			defaultConfigurationName = Release;
		};
		A16CBA002FB61C8300CA31F5 /* Build configuration list for PBXNativeTarget "ghaslunchUITests" */ = {
			isa = XCConfigurationList;
			buildConfigurations = (
				A16CBA012FB61C8300CA31F5 /* Debug */,
				A16CBA022FB61C8300CA31F5 /* Release */,
			);
			defaultConfigurationIsVisible = 0;
			defaultConfigurationName = Release;
		};
/* End XCConfigurationList section */

	};
	rootObject = A16CB9D12FB61C8100CA31F5 /* Project object */;
}
